// !$*UTF8*$!
{
	archiveVersion = 1;
	classes = {
	};
	objectVersion = 56;
	objects = {

/* Begin PBXBuildFile section */
		7D30E53C2C1DF0C20073DBDA /* APIFetcher.swift in Sources */ = {isa = PBXBuildFile; fileRef = 7D30E53B2C1DF0C20073DBDA /* APIFetcher.swift */; };
		7D30E53E2C1DF18D0073DBDA /* Dictionary++.swift in Sources */ = {isa = PBXBuildFile; fileRef = 7D30E53D2C1DF18D0073DBDA /* Dictionary++.swift */; };
		7D30E5402C1DF9CD0073DBDA /* OutlineBorderButton.swift in Sources */ = {isa = PBXBuildFile; fileRef = 7D30E53F2C1DF9CD0073DBDA /* OutlineBorderButton.swift */; };
		7D30E5422C1ECAED0073DBDA /* SearchResultCollectionViewCell.swift in Sources */ = {isa = PBXBuildFile; fileRef = 7D30E5412C1ECAED0073DBDA /* SearchResultCollectionViewCell.swift */; };
		7D30E5442C1ECB200073DBDA /* SearchResultViewController+CollectionView.swift in Sources */ = {isa = PBXBuildFile; fileRef = 7D30E5432C1ECB200073DBDA /* SearchResultViewController+CollectionView.swift */; };
		7D893B7E2C1B1C42003D552E /* AppDelegate.swift in Sources */ = {isa = PBXBuildFile; fileRef = 7D893B7D2C1B1C42003D552E /* AppDelegate.swift */; };
		7D893B802C1B1C42003D552E /* SceneDelegate.swift in Sources */ = {isa = PBXBuildFile; fileRef = 7D893B7F2C1B1C42003D552E /* SceneDelegate.swift */; };
		7D893B822C1B1C42003D552E /* ViewController.swift in Sources */ = {isa = PBXBuildFile; fileRef = 7D893B812C1B1C42003D552E /* ViewController.swift */; };
		7D893B852C1B1C42003D552E /* Base in Resources */ = {isa = PBXBuildFile; fileRef = 7D893B842C1B1C42003D552E /* Base */; };
		7D893B872C1B1C44003D552E /* Assets.xcassets in Resources */ = {isa = PBXBuildFile; fileRef = 7D893B862C1B1C43003D552E /* Assets.xcassets */; };
		7D893B8A2C1B1C44003D552E /* Base in Resources */ = {isa = PBXBuildFile; fileRef = 7D893B892C1B1C44003D552E /* Base */; };
		7D893B942C1B1DA6003D552E /* .gitignore in Resources */ = {isa = PBXBuildFile; fileRef = 7D893B932C1B1DA6003D552E /* .gitignore */; };
		7D893B972C1B1DF4003D552E /* APIKey.swift in Sources */ = {isa = PBXBuildFile; fileRef = 7D893B962C1B1DF4003D552E /* APIKey.swift */; };
		7D893B992C1B1DFF003D552E /* APIURL.swift in Sources */ = {isa = PBXBuildFile; fileRef = 7D893B982C1B1DFF003D552E /* APIURL.swift */; };
		7D893B9D2C1B1FEA003D552E /* NameSpace.swift in Sources */ = {isa = PBXBuildFile; fileRef = 7D893B9C2C1B1FEA003D552E /* NameSpace.swift */; };
		7D893BA32C1B2498003D552E /* OnboardingViewController.swift in Sources */ = {isa = PBXBuildFile; fileRef = 7D893BA22C1B2498003D552E /* OnboardingViewController.swift */; };
		7D893BA52C1B24BF003D552E /* OnboardingView.swift in Sources */ = {isa = PBXBuildFile; fileRef = 7D893BA42C1B24BF003D552E /* OnboardingView.swift */; };
		7D893BA82C1B2562003D552E /* SnapKit in Frameworks */ = {isa = PBXBuildFile; productRef = 7D893BA72C1B2562003D552E /* SnapKit */; };
		7D893BAB2C1B256D003D552E /* Kingfisher in Frameworks */ = {isa = PBXBuildFile; productRef = 7D893BAA2C1B256D003D552E /* Kingfisher */; };
		7D893BAE2C1B2579003D552E /* Alamofire in Frameworks */ = {isa = PBXBuildFile; productRef = 7D893BAD2C1B2579003D552E /* Alamofire */; };
		7D893BB12C1B258F003D552E /* IQKeyboardManagerSwift in Frameworks */ = {isa = PBXBuildFile; productRef = 7D893BB02C1B258F003D552E /* IQKeyboardManagerSwift */; };
		7D893BB62C1B2638003D552E /* UIImageView++.swift in Sources */ = {isa = PBXBuildFile; fileRef = 7D893BB52C1B2638003D552E /* UIImageView++.swift */; };
		7D893BB82C1B292D003D552E /* ViewController++.swift in Sources */ = {isa = PBXBuildFile; fileRef = 7D893BB72C1B292D003D552E /* ViewController++.swift */; };
		7D893BBB2C1B2DBA003D552E /* MainOrangeButton.swift in Sources */ = {isa = PBXBuildFile; fileRef = 7D893BBA2C1B2DBA003D552E /* MainOrangeButton.swift */; };
		7D893BC12C1BEAA5003D552E /* Colors.xcassets in Resources */ = {isa = PBXBuildFile; fileRef = 7D893BC02C1BEAA5003D552E /* Colors.xcassets */; };
		7DA96C012C1BFA900007FBFC /* UILabel++.swift in Sources */ = {isa = PBXBuildFile; fileRef = 7DA96C002C1BFA900007FBFC /* UILabel++.swift */; };
		7DA96C052C1BFE660007FBFC /* NicknameSettingViewController.swift in Sources */ = {isa = PBXBuildFile; fileRef = 7DA96C042C1BFE660007FBFC /* NicknameSettingViewController.swift */; };
		7DA96C072C1C04DD0007FBFC /* ProfileImageSettingViewController.swift in Sources */ = {isa = PBXBuildFile; fileRef = 7DA96C062C1C04DD0007FBFC /* ProfileImageSettingViewController.swift */; };
		7DA96C0A2C1C07F10007FBFC /* NicknameSettingView.swift in Sources */ = {isa = PBXBuildFile; fileRef = 7DA96C092C1C07F10007FBFC /* NicknameSettingView.swift */; };
		7DA96C0E2C1C095C0007FBFC /* ProfileCircleView.swift in Sources */ = {isa = PBXBuildFile; fileRef = 7DA96C0D2C1C095C0007FBFC /* ProfileCircleView.swift */; };
		7DA96C132C1C543F0007FBFC /* NormalTextFieldView.swift in Sources */ = {isa = PBXBuildFile; fileRef = 7DA96C122C1C543F0007FBFC /* NormalTextFieldView.swift */; };
		7DA96C152C1C550F0007FBFC /* Separator.swift in Sources */ = {isa = PBXBuildFile; fileRef = 7DA96C142C1C550F0007FBFC /* Separator.swift */; };
		7DA96C172C1C564D0007FBFC /* UITextField++.swift in Sources */ = {isa = PBXBuildFile; fileRef = 7DA96C162C1C564D0007FBFC /* UITextField++.swift */; };
		7DA96C192C1C68B30007FBFC /* NicknameSettingViewController+TextField.swift in Sources */ = {isa = PBXBuildFile; fileRef = 7DA96C182C1C68B30007FBFC /* NicknameSettingViewController+TextField.swift */; };
		7DA96C1B2C1C9F1B0007FBFC /* utilFunc.swift in Sources */ = {isa = PBXBuildFile; fileRef = 7DA96C1A2C1C9F1B0007FBFC /* utilFunc.swift */; };
		7DA96C1E2C1CA0200007FBFC /* SearchHomeViewController.swift in Sources */ = {isa = PBXBuildFile; fileRef = 7DA96C1D2C1CA0200007FBFC /* SearchHomeViewController.swift */; };
		7DA96C212C1CA70D0007FBFC /* ProfileImageSettingView.swift in Sources */ = {isa = PBXBuildFile; fileRef = 7DA96C202C1CA70D0007FBFC /* ProfileImageSettingView.swift */; };
		7DA96C232C1CA7FF0007FBFC /* UserDefaults++.swift in Sources */ = {isa = PBXBuildFile; fileRef = 7DA96C222C1CA7FF0007FBFC /* UserDefaults++.swift */; };
		7DA96C262C1D7DFB0007FBFC /* ProfileImageCollectionViewCell.swift in Sources */ = {isa = PBXBuildFile; fileRef = 7DA96C252C1D7DFB0007FBFC /* ProfileImageCollectionViewCell.swift */; };
		7DA96C292C1D7E2E0007FBFC /* ReuseIdentifierProtocol.swift in Sources */ = {isa = PBXBuildFile; fileRef = 7DA96C282C1D7E2E0007FBFC /* ReuseIdentifierProtocol.swift */; };
		7DA96C2B2C1D7FB90007FBFC /* ProfileImageSettingViewController+CollectionView.swift in Sources */ = {isa = PBXBuildFile; fileRef = 7DA96C2A2C1D7FB90007FBFC /* ProfileImageSettingViewController+CollectionView.swift */; };
		7DA96C2E2C1DBE0E0007FBFC /* SearchHomeView.swift in Sources */ = {isa = PBXBuildFile; fileRef = 7DA96C2D2C1DBE0E0007FBFC /* SearchHomeView.swift */; };
		7DA96C302C1DC5DE0007FBFC /* SearchHomeViewController+TableView.swift in Sources */ = {isa = PBXBuildFile; fileRef = 7DA96C2F2C1DC5DE0007FBFC /* SearchHomeViewController+TableView.swift */; };
		7DA96C332C1DCAD10007FBFC /* RecentSearchTableViewCell.swift in Sources */ = {isa = PBXBuildFile; fileRef = 7DA96C322C1DCAD10007FBFC /* RecentSearchTableViewCell.swift */; };
		7DA96C392C1DEAD30007FBFC /* SearchResultViewController.swift in Sources */ = {isa = PBXBuildFile; fileRef = 7DA96C382C1DEAD30007FBFC /* SearchResultViewController.swift */; };
		7DA96C3B2C1DEAEE0007FBFC /* SearchResultView.swift in Sources */ = {isa = PBXBuildFile; fileRef = 7DA96C3A2C1DEAEE0007FBFC /* SearchResultView.swift */; };
		7DA96C3E2C1DEF6B0007FBFC /* SearchResult.swift in Sources */ = {isa = PBXBuildFile; fileRef = 7DA96C3D2C1DEF6B0007FBFC /* SearchResult.swift */; };
/* End PBXBuildFile section */

/* Begin PBXFileReference section */
		7D30E53B2C1DF0C20073DBDA /* APIFetcher.swift */ = {isa = PBXFileReference; lastKnownFileType = sourcecode.swift; path = APIFetcher.swift; sourceTree = "<group>"; };
		7D30E53D2C1DF18D0073DBDA /* Dictionary++.swift */ = {isa = PBXFileReference; lastKnownFileType = sourcecode.swift; path = "Dictionary++.swift"; sourceTree = "<group>"; };
		7D30E53F2C1DF9CD0073DBDA /* OutlineBorderButton.swift */ = {isa = PBXFileReference; lastKnownFileType = sourcecode.swift; path = OutlineBorderButton.swift; sourceTree = "<group>"; };
		7D30E5412C1ECAED0073DBDA /* SearchResultCollectionViewCell.swift */ = {isa = PBXFileReference; lastKnownFileType = sourcecode.swift; path = SearchResultCollectionViewCell.swift; sourceTree = "<group>"; };
		7D30E5432C1ECB200073DBDA /* SearchResultViewController+CollectionView.swift */ = {isa = PBXFileReference; lastKnownFileType = sourcecode.swift; path = "SearchResultViewController+CollectionView.swift"; sourceTree = "<group>"; };
		7D893B7A2C1B1C42003D552E /* MeaningOut.app */ = {isa = PBXFileReference; explicitFileType = wrapper.application; includeInIndex = 0; path = MeaningOut.app; sourceTree = BUILT_PRODUCTS_DIR; };
		7D893B7D2C1B1C42003D552E /* AppDelegate.swift */ = {isa = PBXFileReference; lastKnownFileType = sourcecode.swift; path = AppDelegate.swift; sourceTree = "<group>"; };
		7D893B7F2C1B1C42003D552E /* SceneDelegate.swift */ = {isa = PBXFileReference; lastKnownFileType = sourcecode.swift; path = SceneDelegate.swift; sourceTree = "<group>"; };
		7D893B812C1B1C42003D552E /* ViewController.swift */ = {isa = PBXFileReference; lastKnownFileType = sourcecode.swift; path = ViewController.swift; sourceTree = "<group>"; };
		7D893B842C1B1C42003D552E /* Base */ = {isa = PBXFileReference; lastKnownFileType = file.storyboard; name = Base; path = Base.lproj/Main.storyboard; sourceTree = "<group>"; };
		7D893B862C1B1C43003D552E /* Assets.xcassets */ = {isa = PBXFileReference; lastKnownFileType = folder.assetcatalog; path = Assets.xcassets; sourceTree = "<group>"; };
		7D893B892C1B1C44003D552E /* Base */ = {isa = PBXFileReference; lastKnownFileType = file.storyboard; name = Base; path = Base.lproj/LaunchScreen.storyboard; sourceTree = "<group>"; };
		7D893B8B2C1B1C44003D552E /* Info.plist */ = {isa = PBXFileReference; lastKnownFileType = text.plist.xml; path = Info.plist; sourceTree = "<group>"; };
		7D893B932C1B1DA6003D552E /* .gitignore */ = {isa = PBXFileReference; lastKnownFileType = text; path = .gitignore; sourceTree = "<group>"; };
		7D893B962C1B1DF4003D552E /* APIKey.swift */ = {isa = PBXFileReference; lastKnownFileType = sourcecode.swift; path = APIKey.swift; sourceTree = "<group>"; };
		7D893B982C1B1DFF003D552E /* APIURL.swift */ = {isa = PBXFileReference; lastKnownFileType = sourcecode.swift; path = APIURL.swift; sourceTree = "<group>"; };
		7D893B9C2C1B1FEA003D552E /* NameSpace.swift */ = {isa = PBXFileReference; lastKnownFileType = sourcecode.swift; path = NameSpace.swift; sourceTree = "<group>"; };
		7D893BA22C1B2498003D552E /* OnboardingViewController.swift */ = {isa = PBXFileReference; lastKnownFileType = sourcecode.swift; path = OnboardingViewController.swift; sourceTree = "<group>"; };
		7D893BA42C1B24BF003D552E /* OnboardingView.swift */ = {isa = PBXFileReference; lastKnownFileType = sourcecode.swift; path = OnboardingView.swift; sourceTree = "<group>"; };
		7D893BB52C1B2638003D552E /* UIImageView++.swift */ = {isa = PBXFileReference; lastKnownFileType = sourcecode.swift; path = "UIImageView++.swift"; sourceTree = "<group>"; };
		7D893BB72C1B292D003D552E /* ViewController++.swift */ = {isa = PBXFileReference; lastKnownFileType = sourcecode.swift; path = "ViewController++.swift"; sourceTree = "<group>"; };
		7D893BBA2C1B2DBA003D552E /* MainOrangeButton.swift */ = {isa = PBXFileReference; lastKnownFileType = sourcecode.swift; path = MainOrangeButton.swift; sourceTree = "<group>"; };
		7D893BC02C1BEAA5003D552E /* Colors.xcassets */ = {isa = PBXFileReference; lastKnownFileType = folder.assetcatalog; path = Colors.xcassets; sourceTree = "<group>"; };
		7DA96C002C1BFA900007FBFC /* UILabel++.swift */ = {isa = PBXFileReference; lastKnownFileType = sourcecode.swift; path = "UILabel++.swift"; sourceTree = "<group>"; };
		7DA96C042C1BFE660007FBFC /* NicknameSettingViewController.swift */ = {isa = PBXFileReference; lastKnownFileType = sourcecode.swift; path = NicknameSettingViewController.swift; sourceTree = "<group>"; };
		7DA96C062C1C04DD0007FBFC /* ProfileImageSettingViewController.swift */ = {isa = PBXFileReference; lastKnownFileType = sourcecode.swift; path = ProfileImageSettingViewController.swift; sourceTree = "<group>"; };
		7DA96C092C1C07F10007FBFC /* NicknameSettingView.swift */ = {isa = PBXFileReference; lastKnownFileType = sourcecode.swift; path = NicknameSettingView.swift; sourceTree = "<group>"; };
		7DA96C0D2C1C095C0007FBFC /* ProfileCircleView.swift */ = {isa = PBXFileReference; lastKnownFileType = sourcecode.swift; path = ProfileCircleView.swift; sourceTree = "<group>"; };
		7DA96C122C1C543F0007FBFC /* NormalTextFieldView.swift */ = {isa = PBXFileReference; lastKnownFileType = sourcecode.swift; path = NormalTextFieldView.swift; sourceTree = "<group>"; };
		7DA96C142C1C550F0007FBFC /* Separator.swift */ = {isa = PBXFileReference; lastKnownFileType = sourcecode.swift; path = Separator.swift; sourceTree = "<group>"; };
		7DA96C162C1C564D0007FBFC /* UITextField++.swift */ = {isa = PBXFileReference; lastKnownFileType = sourcecode.swift; path = "UITextField++.swift"; sourceTree = "<group>"; };
		7DA96C182C1C68B30007FBFC /* NicknameSettingViewController+TextField.swift */ = {isa = PBXFileReference; lastKnownFileType = sourcecode.swift; path = "NicknameSettingViewController+TextField.swift"; sourceTree = "<group>"; };
		7DA96C1A2C1C9F1B0007FBFC /* utilFunc.swift */ = {isa = PBXFileReference; lastKnownFileType = sourcecode.swift; path = utilFunc.swift; sourceTree = "<group>"; };
		7DA96C1D2C1CA0200007FBFC /* SearchHomeViewController.swift */ = {isa = PBXFileReference; lastKnownFileType = sourcecode.swift; path = SearchHomeViewController.swift; sourceTree = "<group>"; };
		7DA96C202C1CA70D0007FBFC /* ProfileImageSettingView.swift */ = {isa = PBXFileReference; lastKnownFileType = sourcecode.swift; path = ProfileImageSettingView.swift; sourceTree = "<group>"; };
		7DA96C222C1CA7FF0007FBFC /* UserDefaults++.swift */ = {isa = PBXFileReference; lastKnownFileType = sourcecode.swift; path = "UserDefaults++.swift"; sourceTree = "<group>"; };
		7DA96C252C1D7DFB0007FBFC /* ProfileImageCollectionViewCell.swift */ = {isa = PBXFileReference; lastKnownFileType = sourcecode.swift; path = ProfileImageCollectionViewCell.swift; sourceTree = "<group>"; };
		7DA96C282C1D7E2E0007FBFC /* ReuseIdentifierProtocol.swift */ = {isa = PBXFileReference; lastKnownFileType = sourcecode.swift; path = ReuseIdentifierProtocol.swift; sourceTree = "<group>"; };
		7DA96C2A2C1D7FB90007FBFC /* ProfileImageSettingViewController+CollectionView.swift */ = {isa = PBXFileReference; lastKnownFileType = sourcecode.swift; path = "ProfileImageSettingViewController+CollectionView.swift"; sourceTree = "<group>"; };
		7DA96C2D2C1DBE0E0007FBFC /* SearchHomeView.swift */ = {isa = PBXFileReference; lastKnownFileType = sourcecode.swift; path = SearchHomeView.swift; sourceTree = "<group>"; };
		7DA96C2F2C1DC5DE0007FBFC /* SearchHomeViewController+TableView.swift */ = {isa = PBXFileReference; lastKnownFileType = sourcecode.swift; path = "SearchHomeViewController+TableView.swift"; sourceTree = "<group>"; };
		7DA96C322C1DCAD10007FBFC /* RecentSearchTableViewCell.swift */ = {isa = PBXFileReference; lastKnownFileType = sourcecode.swift; path = RecentSearchTableViewCell.swift; sourceTree = "<group>"; };
		7DA96C382C1DEAD30007FBFC /* SearchResultViewController.swift */ = {isa = PBXFileReference; lastKnownFileType = sourcecode.swift; path = SearchResultViewController.swift; sourceTree = "<group>"; };
		7DA96C3A2C1DEAEE0007FBFC /* SearchResultView.swift */ = {isa = PBXFileReference; lastKnownFileType = sourcecode.swift; path = SearchResultView.swift; sourceTree = "<group>"; };
		7DA96C3D2C1DEF6B0007FBFC /* SearchResult.swift */ = {isa = PBXFileReference; lastKnownFileType = sourcecode.swift; path = SearchResult.swift; sourceTree = "<group>"; };
/* End PBXFileReference section */

/* Begin PBXFrameworksBuildPhase section */
		7D893B772C1B1C42003D552E /* Frameworks */ = {
			isa = PBXFrameworksBuildPhase;
			buildActionMask = 2147483647;
			files = (
				7D893BAE2C1B2579003D552E /* Alamofire in Frameworks */,
				7D893BB12C1B258F003D552E /* IQKeyboardManagerSwift in Frameworks */,
				7D893BAB2C1B256D003D552E /* Kingfisher in Frameworks */,
				7D893BA82C1B2562003D552E /* SnapKit in Frameworks */,
			);
			runOnlyForDeploymentPostprocessing = 0;
		};
/* End PBXFrameworksBuildPhase section */

/* Begin PBXGroup section */
		7D30E53A2C1DF0AF0073DBDA /* Networking */ = {
			isa = PBXGroup;
			children = (
				7D30E53B2C1DF0C20073DBDA /* APIFetcher.swift */,
			);
			path = Networking;
			sourceTree = "<group>";
		};
		7D893B712C1B1C42003D552E = {
			isa = PBXGroup;
			children = (
				7D893B932C1B1DA6003D552E /* .gitignore */,
				7D893B7C2C1B1C42003D552E /* MeaningOut */,
				7D893B7B2C1B1C42003D552E /* Products */,
			);
			sourceTree = "<group>";
		};
		7D893B7B2C1B1C42003D552E /* Products */ = {
			isa = PBXGroup;
			children = (
				7D893B7A2C1B1C42003D552E /* MeaningOut.app */,
			);
			name = Products;
			sourceTree = "<group>";
		};
		7D893B7C2C1B1C42003D552E /* MeaningOut */ = {
			isa = PBXGroup;
			children = (
				7D30E53A2C1DF0AF0073DBDA /* Networking */,
				7DA96C272C1D7E0D0007FBFC /* Protocol */,
				7D893BBC2C1BE994003D552E /* Resource */,
				7D893BB92C1B2DA7003D552E /* Components */,
				7D893BB22C1B261D003D552E /* Extension */,
				7D893B9E2C1B2405003D552E /* Pages */,
				7D893B9A2C1B1FD4003D552E /* Common */,
				7D893B952C1B1DDD003D552E /* API */,
				7D893B7D2C1B1C42003D552E /* AppDelegate.swift */,
				7D893B7F2C1B1C42003D552E /* SceneDelegate.swift */,
				7D893B812C1B1C42003D552E /* ViewController.swift */,
				7D893B832C1B1C42003D552E /* Main.storyboard */,
				7D893B882C1B1C44003D552E /* LaunchScreen.storyboard */,
				7D893B8B2C1B1C44003D552E /* Info.plist */,
			);
			path = MeaningOut;
			sourceTree = "<group>";
		};
		7D893B952C1B1DDD003D552E /* API */ = {
			isa = PBXGroup;
			children = (
				7D893B962C1B1DF4003D552E /* APIKey.swift */,
				7D893B982C1B1DFF003D552E /* APIURL.swift */,
			);
			path = API;
			sourceTree = "<group>";
		};
		7D893B9A2C1B1FD4003D552E /* Common */ = {
			isa = PBXGroup;
			children = (
				7D893B9B2C1B1FDA003D552E /* File */,
			);
			path = Common;
			sourceTree = "<group>";
		};
		7D893B9B2C1B1FDA003D552E /* File */ = {
			isa = PBXGroup;
			children = (
				7D893B9C2C1B1FEA003D552E /* NameSpace.swift */,
				7DA96C1A2C1C9F1B0007FBFC /* utilFunc.swift */,
			);
			path = File;
			sourceTree = "<group>";
		};
		7D893B9E2C1B2405003D552E /* Pages */ = {
			isa = PBXGroup;
			children = (
				7DA96C342C1DEA900007FBFC /* SearchResult */,
				7DA96C1C2C1CA0070007FBFC /* SearchHome */,
				7DA96C022C1BFE130007FBFC /* ProfileSetting */,
				7D893B9F2C1B240F003D552E /* Onboarding */,
			);
			path = Pages;
			sourceTree = "<group>";
		};
		7D893B9F2C1B240F003D552E /* Onboarding */ = {
			isa = PBXGroup;
			children = (
				7D893BA12C1B247C003D552E /* View */,
				7D893BA02C1B2475003D552E /* ViewController */,
			);
			path = Onboarding;
			sourceTree = "<group>";
		};
		7D893BA02C1B2475003D552E /* ViewController */ = {
			isa = PBXGroup;
			children = (
				7D893BA22C1B2498003D552E /* OnboardingViewController.swift */,
			);
			path = ViewController;
			sourceTree = "<group>";
		};
		7D893BA12C1B247C003D552E /* View */ = {
			isa = PBXGroup;
			children = (
				7D893BA42C1B24BF003D552E /* OnboardingView.swift */,
			);
			path = View;
			sourceTree = "<group>";
		};
		7D893BB22C1B261D003D552E /* Extension */ = {
			isa = PBXGroup;
			children = (
				7D893BB52C1B2638003D552E /* UIImageView++.swift */,
				7D893BB72C1B292D003D552E /* ViewController++.swift */,
				7DA96C002C1BFA900007FBFC /* UILabel++.swift */,
				7DA96C162C1C564D0007FBFC /* UITextField++.swift */,
				7DA96C222C1CA7FF0007FBFC /* UserDefaults++.swift */,
				7D30E53D2C1DF18D0073DBDA /* Dictionary++.swift */,
			);
			path = Extension;
			sourceTree = "<group>";
		};
		7D893BB92C1B2DA7003D552E /* Components */ = {
			isa = PBXGroup;
			children = (
				7DA96C0F2C1C539F0007FBFC /* TextField */,
				7DA96C0C2C1C092C0007FBFC /* View */,
				7DA96C0B2C1C091F0007FBFC /* Button */,
			);
			path = Components;
			sourceTree = "<group>";
		};
		7D893BBC2C1BE994003D552E /* Resource */ = {
			isa = PBXGroup;
			children = (
				7D893B862C1B1C43003D552E /* Assets.xcassets */,
				7D893BC02C1BEAA5003D552E /* Colors.xcassets */,
			);
			path = Resource;
			sourceTree = "<group>";
		};
		7DA96C022C1BFE130007FBFC /* ProfileSetting */ = {
			isa = PBXGroup;
			children = (
				7DA96C242C1D7DDD0007FBFC /* CollectionViewCell */,
				7DA96C082C1C07DE0007FBFC /* View */,
				7DA96C032C1BFE220007FBFC /* ViewController */,
			);
			path = ProfileSetting;
			sourceTree = "<group>";
		};
		7DA96C032C1BFE220007FBFC /* ViewController */ = {
			isa = PBXGroup;
			children = (
				7DA96C042C1BFE660007FBFC /* NicknameSettingViewController.swift */,
				7DA96C062C1C04DD0007FBFC /* ProfileImageSettingViewController.swift */,
				7DA96C182C1C68B30007FBFC /* NicknameSettingViewController+TextField.swift */,
				7DA96C2A2C1D7FB90007FBFC /* ProfileImageSettingViewController+CollectionView.swift */,
			);
			path = ViewController;
			sourceTree = "<group>";
		};
		7DA96C082C1C07DE0007FBFC /* View */ = {
			isa = PBXGroup;
			children = (
				7DA96C092C1C07F10007FBFC /* NicknameSettingView.swift */,
				7DA96C202C1CA70D0007FBFC /* ProfileImageSettingView.swift */,
			);
			path = View;
			sourceTree = "<group>";
		};
		7DA96C0B2C1C091F0007FBFC /* Button */ = {
			isa = PBXGroup;
			children = (
				7D893BBA2C1B2DBA003D552E /* MainOrangeButton.swift */,
				7D30E53F2C1DF9CD0073DBDA /* OutlineBorderButton.swift */,
			);
			path = Button;
			sourceTree = "<group>";
		};
		7DA96C0C2C1C092C0007FBFC /* View */ = {
			isa = PBXGroup;
			children = (
				7DA96C0D2C1C095C0007FBFC /* ProfileCircleView.swift */,
				7DA96C142C1C550F0007FBFC /* Separator.swift */,
			);
			path = View;
			sourceTree = "<group>";
		};
		7DA96C0F2C1C539F0007FBFC /* TextField */ = {
			isa = PBXGroup;
			children = (
				7DA96C122C1C543F0007FBFC /* NormalTextFieldView.swift */,
			);
			path = TextField;
			sourceTree = "<group>";
		};
		7DA96C1C2C1CA0070007FBFC /* SearchHome */ = {
			isa = PBXGroup;
			children = (
				7DA96C312C1DCAB40007FBFC /* TableViewCell */,
				7DA96C2C2C1DBDFE0007FBFC /* View */,
				7DA96C1F2C1CA0240007FBFC /* ViewController */,
			);
			path = SearchHome;
			sourceTree = "<group>";
		};
		7DA96C1F2C1CA0240007FBFC /* ViewController */ = {
			isa = PBXGroup;
			children = (
				7DA96C1D2C1CA0200007FBFC /* SearchHomeViewController.swift */,
				7DA96C2F2C1DC5DE0007FBFC /* SearchHomeViewController+TableView.swift */,
			);
			path = ViewController;
			sourceTree = "<group>";
		};
		7DA96C242C1D7DDD0007FBFC /* CollectionViewCell */ = {
			isa = PBXGroup;
			children = (
				7DA96C252C1D7DFB0007FBFC /* ProfileImageCollectionViewCell.swift */,
			);
			path = CollectionViewCell;
			sourceTree = "<group>";
		};
		7DA96C272C1D7E0D0007FBFC /* Protocol */ = {
			isa = PBXGroup;
			children = (
				7DA96C282C1D7E2E0007FBFC /* ReuseIdentifierProtocol.swift */,
			);
			path = Protocol;
			sourceTree = "<group>";
		};
		7DA96C2C2C1DBDFE0007FBFC /* View */ = {
			isa = PBXGroup;
			children = (
				7DA96C2D2C1DBE0E0007FBFC /* SearchHomeView.swift */,
			);
			path = View;
			sourceTree = "<group>";
		};
		7DA96C312C1DCAB40007FBFC /* TableViewCell */ = {
			isa = PBXGroup;
			children = (
				7DA96C322C1DCAD10007FBFC /* RecentSearchTableViewCell.swift */,
			);
			path = TableViewCell;
			sourceTree = "<group>";
		};
		7DA96C342C1DEA900007FBFC /* SearchResult */ = {
			isa = PBXGroup;
			children = (
				7DA96C3C2C1DEF4F0007FBFC /* Model */,
				7DA96C372C1DEAAF0007FBFC /* CollectionViewCell */,
				7DA96C362C1DEAA70007FBFC /* View */,
				7DA96C352C1DEA9F0007FBFC /* ViewController */,
			);
			path = SearchResult;
			sourceTree = "<group>";
		};
		7DA96C352C1DEA9F0007FBFC /* ViewController */ = {
			isa = PBXGroup;
			children = (
				7DA96C382C1DEAD30007FBFC /* SearchResultViewController.swift */,
				7D30E5432C1ECB200073DBDA /* SearchResultViewController+CollectionView.swift */,
			);
			path = ViewController;
			sourceTree = "<group>";
		};
		7DA96C362C1DEAA70007FBFC /* View */ = {
			isa = PBXGroup;
			children = (
				7DA96C3A2C1DEAEE0007FBFC /* SearchResultView.swift */,
			);
			path = View;
			sourceTree = "<group>";
		};
		7DA96C372C1DEAAF0007FBFC /* CollectionViewCell */ = {
			isa = PBXGroup;
			children = (
				7D30E5412C1ECAED0073DBDA /* SearchResultCollectionViewCell.swift */,
			);
			path = CollectionViewCell;
			sourceTree = "<group>";
		};
		7DA96C3C2C1DEF4F0007FBFC /* Model */ = {
			isa = PBXGroup;
			children = (
				7DA96C3D2C1DEF6B0007FBFC /* SearchResult.swift */,
			);
			path = Model;
			sourceTree = "<group>";
		};
/* End PBXGroup section */

/* Begin PBXNativeTarget section */
		7D893B792C1B1C42003D552E /* MeaningOut */ = {
			isa = PBXNativeTarget;
			buildConfigurationList = 7D893B8E2C1B1C44003D552E /* Build configuration list for PBXNativeTarget "MeaningOut" */;
			buildPhases = (
				7D893B762C1B1C42003D552E /* Sources */,
				7D893B772C1B1C42003D552E /* Frameworks */,
				7D893B782C1B1C42003D552E /* Resources */,
			);
			buildRules = (
			);
			dependencies = (
			);
			name = MeaningOut;
			packageProductDependencies = (
				7D893BA72C1B2562003D552E /* SnapKit */,
				7D893BAA2C1B256D003D552E /* Kingfisher */,
				7D893BAD2C1B2579003D552E /* Alamofire */,
				7D893BB02C1B258F003D552E /* IQKeyboardManagerSwift */,
			);
			productName = MeaningOut;
			productReference = 7D893B7A2C1B1C42003D552E /* MeaningOut.app */;
			productType = "com.apple.product-type.application";
		};
/* End PBXNativeTarget section */

/* Begin PBXProject section */
		7D893B722C1B1C42003D552E /* Project object */ = {
			isa = PBXProject;
			attributes = {
				BuildIndependentTargetsInParallel = 1;
				LastSwiftUpdateCheck = 1530;
				LastUpgradeCheck = 1530;
				TargetAttributes = {
					7D893B792C1B1C42003D552E = {
						CreatedOnToolsVersion = 15.3;
					};
				};
			};
			buildConfigurationList = 7D893B752C1B1C42003D552E /* Build configuration list for PBXProject "MeaningOut" */;
			compatibilityVersion = "Xcode 14.0";
			developmentRegion = en;
			hasScannedForEncodings = 0;
			knownRegions = (
				en,
				Base,
			);
			mainGroup = 7D893B712C1B1C42003D552E;
			packageReferences = (
				7D893BA62C1B2562003D552E /* XCRemoteSwiftPackageReference "SnapKit" */,
				7D893BA92C1B256D003D552E /* XCRemoteSwiftPackageReference "Kingfisher" */,
				7D893BAC2C1B2579003D552E /* XCRemoteSwiftPackageReference "Alamofire" */,
				7D893BAF2C1B258F003D552E /* XCRemoteSwiftPackageReference "IQKeyboardManager" */,
			);
			productRefGroup = 7D893B7B2C1B1C42003D552E /* Products */;
			projectDirPath = "";
			projectRoot = "";
			targets = (
				7D893B792C1B1C42003D552E /* MeaningOut */,
			);
		};
/* End PBXProject section */

/* Begin PBXResourcesBuildPhase section */
		7D893B782C1B1C42003D552E /* Resources */ = {
			isa = PBXResourcesBuildPhase;
			buildActionMask = 2147483647;
			files = (
				7D893BC12C1BEAA5003D552E /* Colors.xcassets in Resources */,
				7D893B942C1B1DA6003D552E /* .gitignore in Resources */,
				7D893B872C1B1C44003D552E /* Assets.xcassets in Resources */,
				7D893B8A2C1B1C44003D552E /* Base in Resources */,
				7D893B852C1B1C42003D552E /* Base in Resources */,
			);
			runOnlyForDeploymentPostprocessing = 0;
		};
/* End PBXResourcesBuildPhase section */

/* Begin PBXSourcesBuildPhase section */
		7D893B762C1B1C42003D552E /* Sources */ = {
			isa = PBXSourcesBuildPhase;
			buildActionMask = 2147483647;
			files = (
				7DA96C0E2C1C095C0007FBFC /* ProfileCircleView.swift in Sources */,
				7DA96C3B2C1DEAEE0007FBFC /* SearchResultView.swift in Sources */,
				7D30E5422C1ECAED0073DBDA /* SearchResultCollectionViewCell.swift in Sources */,
				7D893B822C1B1C42003D552E /* ViewController.swift in Sources */,
				7DA96C072C1C04DD0007FBFC /* ProfileImageSettingViewController.swift in Sources */,
				7DA96C192C1C68B30007FBFC /* NicknameSettingViewController+TextField.swift in Sources */,
				7D893B7E2C1B1C42003D552E /* AppDelegate.swift in Sources */,
				7D30E5402C1DF9CD0073DBDA /* OutlineBorderButton.swift in Sources */,
				7D893B972C1B1DF4003D552E /* APIKey.swift in Sources */,
				7DA96C392C1DEAD30007FBFC /* SearchResultViewController.swift in Sources */,
				7DA96C212C1CA70D0007FBFC /* ProfileImageSettingView.swift in Sources */,
				7DA96C302C1DC5DE0007FBFC /* SearchHomeViewController+TableView.swift in Sources */,
				7DA96C292C1D7E2E0007FBFC /* ReuseIdentifierProtocol.swift in Sources */,
				7D893BBB2C1B2DBA003D552E /* MainOrangeButton.swift in Sources */,
				7D893B9D2C1B1FEA003D552E /* NameSpace.swift in Sources */,
				7DA96C1B2C1C9F1B0007FBFC /* utilFunc.swift in Sources */,
				7DA96C052C1BFE660007FBFC /* NicknameSettingViewController.swift in Sources */,
				7DA96C172C1C564D0007FBFC /* UITextField++.swift in Sources */,
				7DA96C0A2C1C07F10007FBFC /* NicknameSettingView.swift in Sources */,
				7D893BB82C1B292D003D552E /* ViewController++.swift in Sources */,
				7D30E53E2C1DF18D0073DBDA /* Dictionary++.swift in Sources */,
				7DA96C1E2C1CA0200007FBFC /* SearchHomeViewController.swift in Sources */,
				7DA96C2B2C1D7FB90007FBFC /* ProfileImageSettingViewController+CollectionView.swift in Sources */,
				7DA96C2E2C1DBE0E0007FBFC /* SearchHomeView.swift in Sources */,
				7D893BB62C1B2638003D552E /* UIImageView++.swift in Sources */,
				7DA96C3E2C1DEF6B0007FBFC /* SearchResult.swift in Sources */,
				7D893BA32C1B2498003D552E /* OnboardingViewController.swift in Sources */,
				7DA96C262C1D7DFB0007FBFC /* ProfileImageCollectionViewCell.swift in Sources */,
				7D893BA52C1B24BF003D552E /* OnboardingView.swift in Sources */,
				7DA96C132C1C543F0007FBFC /* NormalTextFieldView.swift in Sources */,
				7D30E5442C1ECB200073DBDA /* SearchResultViewController+CollectionView.swift in Sources */,
				7D893B992C1B1DFF003D552E /* APIURL.swift in Sources */,
				7D30E53C2C1DF0C20073DBDA /* APIFetcher.swift in Sources */,
				7DA96C232C1CA7FF0007FBFC /* UserDefaults++.swift in Sources */,
				7DA96C332C1DCAD10007FBFC /* RecentSearchTableViewCell.swift in Sources */,
				7DA96C012C1BFA900007FBFC /* UILabel++.swift in Sources */,
				7D893B802C1B1C42003D552E /* SceneDelegate.swift in Sources */,
				7DA96C152C1C550F0007FBFC /* Separator.swift in Sources */,
			);
			runOnlyForDeploymentPostprocessing = 0;
		};
/* End PBXSourcesBuildPhase section */

/* Begin PBXVariantGroup section */
		7D893B832C1B1C42003D552E /* Main.storyboard */ = {
			isa = PBXVariantGroup;
			children = (
				7D893B842C1B1C42003D552E /* Base */,
			);
			name = Main.storyboard;
			sourceTree = "<group>";
		};
		7D893B882C1B1C44003D552E /* LaunchScreen.storyboard */ = {
			isa = PBXVariantGroup;
			children = (
				7D893B892C1B1C44003D552E /* Base */,
			);
			name = LaunchScreen.storyboard;
			sourceTree = "<group>";
		};
/* End PBXVariantGroup section */

/* Begin XCBuildConfiguration section */
		7D893B8C2C1B1C44003D552E /* Debug */ = {
			isa = XCBuildConfiguration;
			buildSettings = {
				ALWAYS_SEARCH_USER_PATHS = NO;
				ASSETCATALOG_COMPILER_GENERATE_SWIFT_ASSET_SYMBOL_EXTENSIONS = YES;
				CLANG_ANALYZER_NONNULL = YES;
				CLANG_ANALYZER_NUMBER_OBJECT_CONVERSION = YES_AGGRESSIVE;
				CLANG_CXX_LANGUAGE_STANDARD = "gnu++20";
				CLANG_ENABLE_MODULES = YES;
				CLANG_ENABLE_OBJC_ARC = YES;
				CLANG_ENABLE_OBJC_WEAK = YES;
				CLANG_WARN_BLOCK_CAPTURE_AUTORELEASING = YES;
				CLANG_WARN_BOOL_CONVERSION = YES;
				CLANG_WARN_COMMA = YES;
				CLANG_WARN_CONSTANT_CONVERSION = YES;
				CLANG_WARN_DEPRECATED_OBJC_IMPLEMENTATIONS = YES;
				CLANG_WARN_DIRECT_OBJC_ISA_USAGE = YES_ERROR;
				CLANG_WARN_DOCUMENTATION_COMMENTS = YES;
				CLANG_WARN_EMPTY_BODY = YES;
				CLANG_WARN_ENUM_CONVERSION = YES;
				CLANG_WARN_INFINITE_RECURSION = YES;
				CLANG_WARN_INT_CONVERSION = YES;
				CLANG_WARN_NON_LITERAL_NULL_CONVERSION = YES;
				CLANG_WARN_OBJC_IMPLICIT_RETAIN_SELF = YES;
				CLANG_WARN_OBJC_LITERAL_CONVERSION = YES;
				CLANG_WARN_OBJC_ROOT_CLASS = YES_ERROR;
				CLANG_WARN_QUOTED_INCLUDE_IN_FRAMEWORK_HEADER = YES;
				CLANG_WARN_RANGE_LOOP_ANALYSIS = YES;
				CLANG_WARN_STRICT_PROTOTYPES = YES;
				CLANG_WARN_SUSPICIOUS_MOVE = YES;
				CLANG_WARN_UNGUARDED_AVAILABILITY = YES_AGGRESSIVE;
				CLANG_WARN_UNREACHABLE_CODE = YES;
				CLANG_WARN__DUPLICATE_METHOD_MATCH = YES;
				COPY_PHASE_STRIP = NO;
				DEBUG_INFORMATION_FORMAT = dwarf;
				ENABLE_STRICT_OBJC_MSGSEND = YES;
				ENABLE_TESTABILITY = YES;
				ENABLE_USER_SCRIPT_SANDBOXING = YES;
				GCC_C_LANGUAGE_STANDARD = gnu17;
				GCC_DYNAMIC_NO_PIC = NO;
				GCC_NO_COMMON_BLOCKS = YES;
				GCC_OPTIMIZATION_LEVEL = 0;
				GCC_PREPROCESSOR_DEFINITIONS = (
					"DEBUG=1",
					"$(inherited)",
				);
				GCC_WARN_64_TO_32_BIT_CONVERSION = YES;
				GCC_WARN_ABOUT_RETURN_TYPE = YES_ERROR;
				GCC_WARN_UNDECLARED_SELECTOR = YES;
				GCC_WARN_UNINITIALIZED_AUTOS = YES_AGGRESSIVE;
				GCC_WARN_UNUSED_FUNCTION = YES;
				GCC_WARN_UNUSED_VARIABLE = YES;
				IPHONEOS_DEPLOYMENT_TARGET = 17.4;
				LOCALIZATION_PREFERS_STRING_CATALOGS = YES;
				MTL_ENABLE_DEBUG_INFO = INCLUDE_SOURCE;
				MTL_FAST_MATH = YES;
				ONLY_ACTIVE_ARCH = YES;
				SDKROOT = iphoneos;
				SWIFT_ACTIVE_COMPILATION_CONDITIONS = "DEBUG $(inherited)";
				SWIFT_OPTIMIZATION_LEVEL = "-Onone";
			};
			name = Debug;
		};
		7D893B8D2C1B1C44003D552E /* Release */ = {
			isa = XCBuildConfiguration;
			buildSettings = {
				ALWAYS_SEARCH_USER_PATHS = NO;
				ASSETCATALOG_COMPILER_GENERATE_SWIFT_ASSET_SYMBOL_EXTENSIONS = YES;
				CLANG_ANALYZER_NONNULL = YES;
				CLANG_ANALYZER_NUMBER_OBJECT_CONVERSION = YES_AGGRESSIVE;
				CLANG_CXX_LANGUAGE_STANDARD = "gnu++20";
				CLANG_ENABLE_MODULES = YES;
				CLANG_ENABLE_OBJC_ARC = YES;
				CLANG_ENABLE_OBJC_WEAK = YES;
				CLANG_WARN_BLOCK_CAPTURE_AUTORELEASING = YES;
				CLANG_WARN_BOOL_CONVERSION = YES;
				CLANG_WARN_COMMA = YES;
				CLANG_WARN_CONSTANT_CONVERSION = YES;
				CLANG_WARN_DEPRECATED_OBJC_IMPLEMENTATIONS = YES;
				CLANG_WARN_DIRECT_OBJC_ISA_USAGE = YES_ERROR;
				CLANG_WARN_DOCUMENTATION_COMMENTS = YES;
				CLANG_WARN_EMPTY_BODY = YES;
				CLANG_WARN_ENUM_CONVERSION = YES;
				CLANG_WARN_INFINITE_RECURSION = YES;
				CLANG_WARN_INT_CONVERSION = YES;
				CLANG_WARN_NON_LITERAL_NULL_CONVERSION = YES;
				CLANG_WARN_OBJC_IMPLICIT_RETAIN_SELF = YES;
				CLANG_WARN_OBJC_LITERAL_CONVERSION = YES;
				CLANG_WARN_OBJC_ROOT_CLASS = YES_ERROR;
				CLANG_WARN_QUOTED_INCLUDE_IN_FRAMEWORK_HEADER = YES;
				CLANG_WARN_RANGE_LOOP_ANALYSIS = YES;
				CLANG_WARN_STRICT_PROTOTYPES = YES;
				CLANG_WARN_SUSPICIOUS_MOVE = YES;
				CLANG_WARN_UNGUARDED_AVAILABILITY = YES_AGGRESSIVE;
				CLANG_WARN_UNREACHABLE_CODE = YES;
				CLANG_WARN__DUPLICATE_METHOD_MATCH = YES;
				COPY_PHASE_STRIP = NO;
				DEBUG_INFORMATION_FORMAT = "dwarf-with-dsym";
				ENABLE_NS_ASSERTIONS = NO;
				ENABLE_STRICT_OBJC_MSGSEND = YES;
				ENABLE_USER_SCRIPT_SANDBOXING = YES;
				GCC_C_LANGUAGE_STANDARD = gnu17;
				GCC_NO_COMMON_BLOCKS = YES;
				GCC_WARN_64_TO_32_BIT_CONVERSION = YES;
				GCC_WARN_ABOUT_RETURN_TYPE = YES_ERROR;
				GCC_WARN_UNDECLARED_SELECTOR = YES;
				GCC_WARN_UNINITIALIZED_AUTOS = YES_AGGRESSIVE;
				GCC_WARN_UNUSED_FUNCTION = YES;
				GCC_WARN_UNUSED_VARIABLE = YES;
				IPHONEOS_DEPLOYMENT_TARGET = 17.4;
				LOCALIZATION_PREFERS_STRING_CATALOGS = YES;
				MTL_ENABLE_DEBUG_INFO = NO;
				MTL_FAST_MATH = YES;
				SDKROOT = iphoneos;
				SWIFT_COMPILATION_MODE = wholemodule;
				VALIDATE_PRODUCT = YES;
			};
			name = Release;
		};
		7D893B8F2C1B1C44003D552E /* Debug */ = {
			isa = XCBuildConfiguration;
			buildSettings = {
				ASSETCATALOG_COMPILER_APPICON_NAME = AppIcon;
				ASSETCATALOG_COMPILER_GLOBAL_ACCENT_COLOR_NAME = AccentColor;
				CODE_SIGN_STYLE = Automatic;
				CURRENT_PROJECT_VERSION = 1;
				DEVELOPMENT_TEAM = 5B4DDA3JD6;
				GENERATE_INFOPLIST_FILE = YES;
				INFOPLIST_FILE = MeaningOut/Info.plist;
				INFOPLIST_KEY_CFBundleDisplayName = "미닝아웃";
				INFOPLIST_KEY_UIApplicationSupportsIndirectInputEvents = YES;
				INFOPLIST_KEY_UILaunchStoryboardName = LaunchScreen;
				INFOPLIST_KEY_UIMainStoryboardFile = Main;
				INFOPLIST_KEY_UISupportedInterfaceOrientations = UIInterfaceOrientationPortrait;
				INFOPLIST_KEY_UISupportedInterfaceOrientations_iPad = UIInterfaceOrientationPortrait;
				IPHONEOS_DEPLOYMENT_TARGET = 15.0;
				LD_RUNPATH_SEARCH_PATHS = (
					"$(inherited)",
					"@executable_path/Frameworks",
				);
				MARKETING_VERSION = 1.0;
				PRODUCT_BUNDLE_IDENTIFIER = com.yeonju.MeaningOut;
				PRODUCT_NAME = "$(TARGET_NAME)";
				SUPPORTED_PLATFORMS = "iphoneos iphonesimulator";
				SUPPORTS_MACCATALYST = NO;
				SUPPORTS_MAC_DESIGNED_FOR_IPHONE_IPAD = NO;
				SUPPORTS_XR_DESIGNED_FOR_IPHONE_IPAD = NO;
				SWIFT_EMIT_LOC_STRINGS = YES;
				SWIFT_VERSION = 5.0;
				TARGETED_DEVICE_FAMILY = 1;
			};
			name = Debug;
		};
		7D893B902C1B1C44003D552E /* Release */ = {
			isa = XCBuildConfiguration;
			buildSettings = {
				ASSETCATALOG_COMPILER_APPICON_NAME = AppIcon;
				ASSETCATALOG_COMPILER_GLOBAL_ACCENT_COLOR_NAME = AccentColor;
				CODE_SIGN_STYLE = Automatic;
				CURRENT_PROJECT_VERSION = 1;
				DEVELOPMENT_TEAM = 5B4DDA3JD6;
				GENERATE_INFOPLIST_FILE = YES;
				INFOPLIST_FILE = MeaningOut/Info.plist;
				INFOPLIST_KEY_CFBundleDisplayName = "미닝아웃";
				INFOPLIST_KEY_UIApplicationSupportsIndirectInputEvents = YES;
				INFOPLIST_KEY_UILaunchStoryboardName = LaunchScreen;
				INFOPLIST_KEY_UIMainStoryboardFile = Main;
				INFOPLIST_KEY_UISupportedInterfaceOrientations = UIInterfaceOrientationPortrait;
				INFOPLIST_KEY_UISupportedInterfaceOrientations_iPad = UIInterfaceOrientationPortrait;
				IPHONEOS_DEPLOYMENT_TARGET = 15.0;
				LD_RUNPATH_SEARCH_PATHS = (
					"$(inherited)",
					"@executable_path/Frameworks",
				);
				MARKETING_VERSION = 1.0;
				PRODUCT_BUNDLE_IDENTIFIER = com.yeonju.MeaningOut;
				PRODUCT_NAME = "$(TARGET_NAME)";
				SUPPORTED_PLATFORMS = "iphoneos iphonesimulator";
				SUPPORTS_MACCATALYST = NO;
				SUPPORTS_MAC_DESIGNED_FOR_IPHONE_IPAD = NO;
				SUPPORTS_XR_DESIGNED_FOR_IPHONE_IPAD = NO;
				SWIFT_EMIT_LOC_STRINGS = YES;
				SWIFT_VERSION = 5.0;
				TARGETED_DEVICE_FAMILY = 1;
			};
			name = Release;
		};
/* End XCBuildConfiguration section */

/* Begin XCConfigurationList section */
		7D893B752C1B1C42003D552E /* Build configuration list for PBXProject "MeaningOut" */ = {
			isa = XCConfigurationList;
			buildConfigurations = (
				7D893B8C2C1B1C44003D552E /* Debug */,
				7D893B8D2C1B1C44003D552E /* Release */,
			);
			defaultConfigurationIsVisible = 0;
			defaultConfigurationName = Release;
		};
		7D893B8E2C1B1C44003D552E /* Build configuration list for PBXNativeTarget "MeaningOut" */ = {
			isa = XCConfigurationList;
			buildConfigurations = (
				7D893B8F2C1B1C44003D552E /* Debug */,
				7D893B902C1B1C44003D552E /* Release */,
			);
			defaultConfigurationIsVisible = 0;
			defaultConfigurationName = Release;
		};
/* End XCConfigurationList section */

/* Begin XCRemoteSwiftPackageReference section */
		7D893BA62C1B2562003D552E /* XCRemoteSwiftPackageReference "SnapKit" */ = {
			isa = XCRemoteSwiftPackageReference;
			repositoryURL = "https://github.com/SnapKit/SnapKit.git";
			requirement = {
				kind = upToNextMajorVersion;
				minimumVersion = 5.7.1;
			};
		};
		7D893BA92C1B256D003D552E /* XCRemoteSwiftPackageReference "Kingfisher" */ = {
			isa = XCRemoteSwiftPackageReference;
			repositoryURL = "https://github.com/onevcat/Kingfisher.git";
			requirement = {
				kind = upToNextMajorVersion;
				minimumVersion = 7.12.0;
			};
		};
		7D893BAC2C1B2579003D552E /* XCRemoteSwiftPackageReference "Alamofire" */ = {
			isa = XCRemoteSwiftPackageReference;
			repositoryURL = "https://github.com/Alamofire/Alamofire.git";
			requirement = {
				kind = upToNextMajorVersion;
				minimumVersion = 5.9.1;
			};
		};
		7D893BAF2C1B258F003D552E /* XCRemoteSwiftPackageReference "IQKeyboardManager" */ = {
			isa = XCRemoteSwiftPackageReference;
			repositoryURL = "https://github.com/hackiftekhar/IQKeyboardManager.git";
			requirement = {
				kind = upToNextMajorVersion;
				minimumVersion = 7.0.3;
			};
		};
/* End XCRemoteSwiftPackageReference section */

/* Begin XCSwiftPackageProductDependency section */
		7D893BA72C1B2562003D552E /* SnapKit */ = {
			isa = XCSwiftPackageProductDependency;
			package = 7D893BA62C1B2562003D552E /* XCRemoteSwiftPackageReference "SnapKit" */;
			productName = SnapKit;
		};
		7D893BAA2C1B256D003D552E /* Kingfisher */ = {
			isa = XCSwiftPackageProductDependency;
			package = 7D893BA92C1B256D003D552E /* XCRemoteSwiftPackageReference "Kingfisher" */;
			productName = Kingfisher;
		};
		7D893BAD2C1B2579003D552E /* Alamofire */ = {
			isa = XCSwiftPackageProductDependency;
			package = 7D893BAC2C1B2579003D552E /* XCRemoteSwiftPackageReference "Alamofire" */;
			productName = Alamofire;
		};
		7D893BB02C1B258F003D552E /* IQKeyboardManagerSwift */ = {
			isa = XCSwiftPackageProductDependency;
			package = 7D893BAF2C1B258F003D552E /* XCRemoteSwiftPackageReference "IQKeyboardManager" */;
			productName = IQKeyboardManagerSwift;
		};
/* End XCSwiftPackageProductDependency section */
	};
	rootObject = 7D893B722C1B1C42003D552E /* Project object */;
}
